// !$*UTF8*$!
{
	archiveVersion = 1;
	classes = {
	};
	objectVersion = 51;
	objects = {

/* Begin PBXBuildFile section */
		07FCF453FC7D2861779F14AF /* Pods_Rx.framework in Frameworks */ = {isa = PBXBuildFile; fileRef = 88BFFA772BE8C60A9911DBC0 /* Pods_Rx.framework */; };
		7007CD8126D5916700104F3C /* AppDelegate.swift in Sources */ = {isa = PBXBuildFile; fileRef = 7007CD8026D5916700104F3C /* AppDelegate.swift */; };
		7007CD8326D5916700104F3C /* SceneDelegate.swift in Sources */ = {isa = PBXBuildFile; fileRef = 7007CD8226D5916700104F3C /* SceneDelegate.swift */; };
		7007CD8526D5916700104F3C /* ViewController.swift in Sources */ = {isa = PBXBuildFile; fileRef = 7007CD8426D5916700104F3C /* ViewController.swift */; };
		7007CD8826D5916700104F3C /* Main.storyboard in Resources */ = {isa = PBXBuildFile; fileRef = 7007CD8626D5916700104F3C /* Main.storyboard */; };
		7007CD8A26D5916900104F3C /* Assets.xcassets in Resources */ = {isa = PBXBuildFile; fileRef = 7007CD8926D5916900104F3C /* Assets.xcassets */; };
		7007CD8D26D5916900104F3C /* LaunchScreen.storyboard in Resources */ = {isa = PBXBuildFile; fileRef = 7007CD8B26D5916900104F3C /* LaunchScreen.storyboard */; };
		7007CD9526D5947300104F3C /* ObservableViewController.swift in Sources */ = {isa = PBXBuildFile; fileRef = 7007CD9426D5947300104F3C /* ObservableViewController.swift */; };
		7007CD9726D5A76900104F3C /* TransfomationViewController.swift in Sources */ = {isa = PBXBuildFile; fileRef = 7007CD9626D5A76900104F3C /* TransfomationViewController.swift */; };
		7770C1F426E850FD00BDB645 /* YiJoon.storyboard in Resources */ = {isa = PBXBuildFile; fileRef = 7770C1F326E850FD00BDB645 /* YiJoon.storyboard */; };
		7770C1F626E8559800BDB645 /* YiJoonMemo.swift in Sources */ = {isa = PBXBuildFile; fileRef = 7770C1F526E8559800BDB645 /* YiJoonMemo.swift */; };
		7770C1F826E8577000BDB645 /* YiJoonMemoStorageType.swift in Sources */ = {isa = PBXBuildFile; fileRef = 7770C1F726E8577000BDB645 /* YiJoonMemoStorageType.swift */; };
		7770C20526E859C100BDB645 /* rxMemo.xcdatamodeld in Sources */ = {isa = PBXBuildFile; fileRef = 7770C20326E859C100BDB645 /* rxMemo.xcdatamodeld */; };
		7770C20726E85A9A00BDB645 /* YiJoonMemoryStorage.swift in Sources */ = {isa = PBXBuildFile; fileRef = 7770C20626E85A9A00BDB645 /* YiJoonMemoryStorage.swift */; };
		BD8CC47326DE29E300BCAEC3 /* ExtensionSample.swift in Sources */ = {isa = PBXBuildFile; fileRef = BD8CC47226DE29E300BCAEC3 /* ExtensionSample.swift */; };
		BD8CC47526DE29EE00BCAEC3 /* ViewModelSample.swift in Sources */ = {isa = PBXBuildFile; fileRef = BD8CC47426DE29EE00BCAEC3 /* ViewModelSample.swift */; };
		BD8CC47726DE29F800BCAEC3 /* ModelSample.swift in Sources */ = {isa = PBXBuildFile; fileRef = BD8CC47626DE29F800BCAEC3 /* ModelSample.swift */; };
		BD8CC47926DE2A0600BCAEC3 /* ServiceSample.swift in Sources */ = {isa = PBXBuildFile; fileRef = BD8CC47826DE2A0600BCAEC3 /* ServiceSample.swift */; };
		BD8CC47B26DE2A1300BCAEC3 /* CellSample.swift in Sources */ = {isa = PBXBuildFile; fileRef = BD8CC47A26DE2A1300BCAEC3 /* CellSample.swift */; };
		BD8CC47D26DE2A2300BCAEC3 /* ComponentSample.swift in Sources */ = {isa = PBXBuildFile; fileRef = BD8CC47C26DE2A2300BCAEC3 /* ComponentSample.swift */; };
		BD8CC47F26DE2A4000BCAEC3 /* XibSample.swift in Sources */ = {isa = PBXBuildFile; fileRef = BD8CC47E26DE2A4000BCAEC3 /* XibSample.swift */; };
		BD8CC48126DE317400BCAEC3 /* UIView+.swift in Sources */ = {isa = PBXBuildFile; fileRef = BD8CC48026DE317400BCAEC3 /* UIView+.swift */; };
		BD8CC48326DE31C500BCAEC3 /* CALayer+.swift in Sources */ = {isa = PBXBuildFile; fileRef = BD8CC48226DE31C500BCAEC3 /* CALayer+.swift */; };
		BD8CC48526DE327A00BCAEC3 /* MainViewController.swift in Sources */ = {isa = PBXBuildFile; fileRef = BD8CC48426DE327900BCAEC3 /* MainViewController.swift */; };
/* End PBXBuildFile section */

/* Begin PBXFileReference section */
		7007CD7D26D5916700104F3C /* Rx.app */ = {isa = PBXFileReference; explicitFileType = wrapper.application; includeInIndex = 0; path = Rx.app; sourceTree = BUILT_PRODUCTS_DIR; };
		7007CD8026D5916700104F3C /* AppDelegate.swift */ = {isa = PBXFileReference; lastKnownFileType = sourcecode.swift; path = AppDelegate.swift; sourceTree = "<group>"; };
		7007CD8226D5916700104F3C /* SceneDelegate.swift */ = {isa = PBXFileReference; lastKnownFileType = sourcecode.swift; path = SceneDelegate.swift; sourceTree = "<group>"; };
		7007CD8426D5916700104F3C /* ViewController.swift */ = {isa = PBXFileReference; lastKnownFileType = sourcecode.swift; path = ViewController.swift; sourceTree = "<group>"; };
		7007CD8726D5916700104F3C /* Base */ = {isa = PBXFileReference; lastKnownFileType = file.storyboard; name = Base; path = Base.lproj/Main.storyboard; sourceTree = "<group>"; };
		7007CD8926D5916900104F3C /* Assets.xcassets */ = {isa = PBXFileReference; lastKnownFileType = folder.assetcatalog; path = Assets.xcassets; sourceTree = "<group>"; };
		7007CD8C26D5916900104F3C /* Base */ = {isa = PBXFileReference; lastKnownFileType = file.storyboard; name = Base; path = Base.lproj/LaunchScreen.storyboard; sourceTree = "<group>"; };
		7007CD8E26D5916900104F3C /* Info.plist */ = {isa = PBXFileReference; lastKnownFileType = text.plist.xml; path = Info.plist; sourceTree = "<group>"; };
		7007CD9426D5947300104F3C /* ObservableViewController.swift */ = {isa = PBXFileReference; lastKnownFileType = sourcecode.swift; path = ObservableViewController.swift; sourceTree = "<group>"; };
		7007CD9626D5A76900104F3C /* TransfomationViewController.swift */ = {isa = PBXFileReference; lastKnownFileType = sourcecode.swift; path = TransfomationViewController.swift; sourceTree = "<group>"; };
		7770C1F326E850FD00BDB645 /* YiJoon.storyboard */ = {isa = PBXFileReference; lastKnownFileType = file.storyboard; path = YiJoon.storyboard; sourceTree = "<group>"; };
		7770C1F526E8559800BDB645 /* YiJoonMemo.swift */ = {isa = PBXFileReference; lastKnownFileType = sourcecode.swift; path = YiJoonMemo.swift; sourceTree = "<group>"; };
		7770C1F726E8577000BDB645 /* YiJoonMemoStorageType.swift */ = {isa = PBXFileReference; lastKnownFileType = sourcecode.swift; path = YiJoonMemoStorageType.swift; sourceTree = "<group>"; };
		7770C20426E859C100BDB645 /* rxMemo.xcdatamodel */ = {isa = PBXFileReference; lastKnownFileType = wrapper.xcdatamodel; path = rxMemo.xcdatamodel; sourceTree = "<group>"; };
		7770C20626E85A9A00BDB645 /* YiJoonMemoryStorage.swift */ = {isa = PBXFileReference; lastKnownFileType = sourcecode.swift; path = YiJoonMemoryStorage.swift; sourceTree = "<group>"; };
		88BFFA772BE8C60A9911DBC0 /* Pods_Rx.framework */ = {isa = PBXFileReference; explicitFileType = wrapper.framework; includeInIndex = 0; path = Pods_Rx.framework; sourceTree = BUILT_PRODUCTS_DIR; };
		9E8E3D444892F95106E46429 /* Pods-Rx.release.xcconfig */ = {isa = PBXFileReference; includeInIndex = 1; lastKnownFileType = text.xcconfig; name = "Pods-Rx.release.xcconfig"; path = "Target Support Files/Pods-Rx/Pods-Rx.release.xcconfig"; sourceTree = "<group>"; };
		BD8CC47226DE29E300BCAEC3 /* ExtensionSample.swift */ = {isa = PBXFileReference; lastKnownFileType = sourcecode.swift; path = ExtensionSample.swift; sourceTree = "<group>"; };
		BD8CC47426DE29EE00BCAEC3 /* ViewModelSample.swift */ = {isa = PBXFileReference; lastKnownFileType = sourcecode.swift; path = ViewModelSample.swift; sourceTree = "<group>"; };
		BD8CC47626DE29F800BCAEC3 /* ModelSample.swift */ = {isa = PBXFileReference; lastKnownFileType = sourcecode.swift; path = ModelSample.swift; sourceTree = "<group>"; };
		BD8CC47826DE2A0600BCAEC3 /* ServiceSample.swift */ = {isa = PBXFileReference; lastKnownFileType = sourcecode.swift; path = ServiceSample.swift; sourceTree = "<group>"; };
		BD8CC47A26DE2A1300BCAEC3 /* CellSample.swift */ = {isa = PBXFileReference; lastKnownFileType = sourcecode.swift; path = CellSample.swift; sourceTree = "<group>"; };
		BD8CC47C26DE2A2300BCAEC3 /* ComponentSample.swift */ = {isa = PBXFileReference; lastKnownFileType = sourcecode.swift; path = ComponentSample.swift; sourceTree = "<group>"; };
		BD8CC47E26DE2A4000BCAEC3 /* XibSample.swift */ = {isa = PBXFileReference; lastKnownFileType = sourcecode.swift; path = XibSample.swift; sourceTree = "<group>"; };
		BD8CC48026DE317400BCAEC3 /* UIView+.swift */ = {isa = PBXFileReference; lastKnownFileType = sourcecode.swift; path = "UIView+.swift"; sourceTree = "<group>"; };
		BD8CC48226DE31C500BCAEC3 /* CALayer+.swift */ = {isa = PBXFileReference; lastKnownFileType = sourcecode.swift; path = "CALayer+.swift"; sourceTree = "<group>"; };
		BD8CC48426DE327900BCAEC3 /* MainViewController.swift */ = {isa = PBXFileReference; lastKnownFileType = sourcecode.swift; path = MainViewController.swift; sourceTree = "<group>"; };
		E2ECCA8A156648394D363D77 /* Pods-Rx.debug.xcconfig */ = {isa = PBXFileReference; includeInIndex = 1; lastKnownFileType = text.xcconfig; name = "Pods-Rx.debug.xcconfig"; path = "Target Support Files/Pods-Rx/Pods-Rx.debug.xcconfig"; sourceTree = "<group>"; };
/* End PBXFileReference section */

/* Begin PBXFrameworksBuildPhase section */
		7007CD7A26D5916700104F3C /* Frameworks */ = {
			isa = PBXFrameworksBuildPhase;
			buildActionMask = 2147483647;
			files = (
				07FCF453FC7D2861779F14AF /* Pods_Rx.framework in Frameworks */,
			);
			runOnlyForDeploymentPostprocessing = 0;
		};
/* End PBXFrameworksBuildPhase section */

/* Begin PBXGroup section */
		7007CD7426D5916700104F3C = {
			isa = PBXGroup;
			children = (
				7007CD7F26D5916700104F3C /* Rx */,
				7007CD7E26D5916700104F3C /* Products */,
				84BDC7C35E9E2822681E6B30 /* Pods */,
				9B1552C481B2C9B08F6636EF /* Frameworks */,
			);
			sourceTree = "<group>";
		};
		7007CD7E26D5916700104F3C /* Products */ = {
			isa = PBXGroup;
			children = (
				7007CD7D26D5916700104F3C /* Rx.app */,
			);
			name = Products;
			sourceTree = "<group>";
		};
		7007CD7F26D5916700104F3C /* Rx */ = {
			isa = PBXGroup;
			children = (
				BD8CC46126DE28CD00BCAEC3 /* Source */,
				BD8CC46226DE28D800BCAEC3 /* Resource */,
			);
			path = Rx;
			sourceTree = "<group>";
		};
		7770C20126E8598700BDB645 /* CoreDataStorage */ = {
			isa = PBXGroup;
			children = (
				7770C20326E859C100BDB645 /* rxMemo.xcdatamodeld */,
			);
			path = CoreDataStorage;
			sourceTree = "<group>";
		};
		7770C20226E8599900BDB645 /* MemoryStorage */ = {
			isa = PBXGroup;
			children = (
				7770C1F726E8577000BDB645 /* YiJoonMemoStorageType.swift */,
				7770C20626E85A9A00BDB645 /* YiJoonMemoryStorage.swift */,
			);
			path = MemoryStorage;
			sourceTree = "<group>";
		};
		84BDC7C35E9E2822681E6B30 /* Pods */ = {
			isa = PBXGroup;
			children = (
				E2ECCA8A156648394D363D77 /* Pods-Rx.debug.xcconfig */,
				9E8E3D444892F95106E46429 /* Pods-Rx.release.xcconfig */,
			);
			path = Pods;
			sourceTree = "<group>";
		};
		9B1552C481B2C9B08F6636EF /* Frameworks */ = {
			isa = PBXGroup;
			children = (
				88BFFA772BE8C60A9911DBC0 /* Pods_Rx.framework */,
			);
			name = Frameworks;
			sourceTree = "<group>";
		};
		BD8CC46126DE28CD00BCAEC3 /* Source */ = {
			isa = PBXGroup;
			children = (
				BD8CC46D26DE295300BCAEC3 /* Extensions */,
				BD8CC46C26DE294F00BCAEC3 /* ViewModels */,
				BD8CC46B26DE294B00BCAEC3 /* Models */,
				BD8CC46A26DE294600BCAEC3 /* Services */,
				BD8CC46626DE291C00BCAEC3 /* Views */,
				BD8CC46526DE290D00BCAEC3 /* Supports */,
			);
			path = Source;
			sourceTree = "<group>";
		};
		BD8CC46226DE28D800BCAEC3 /* Resource */ = {
			isa = PBXGroup;
			children = (
				BD8CC46326DE28E600BCAEC3 /* Storyboards */,
				BD8CC46426DE290400BCAEC3 /* Xibs */,
				7007CD8926D5916900104F3C /* Assets.xcassets */,
				7007CD8B26D5916900104F3C /* LaunchScreen.storyboard */,
				7007CD8E26D5916900104F3C /* Info.plist */,
			);
			path = Resource;
			sourceTree = "<group>";
		};
		BD8CC46326DE28E600BCAEC3 /* Storyboards */ = {
			isa = PBXGroup;
			children = (
				7007CD8626D5916700104F3C /* Main.storyboard */,
				7770C1F326E850FD00BDB645 /* YiJoon.storyboard */,
			);
			path = Storyboards;
			sourceTree = "<group>";
		};
		BD8CC46426DE290400BCAEC3 /* Xibs */ = {
			isa = PBXGroup;
			children = (
				BD8CC47E26DE2A4000BCAEC3 /* XibSample.swift */,
			);
			path = Xibs;
			sourceTree = "<group>";
		};
		BD8CC46526DE290D00BCAEC3 /* Supports */ = {
			isa = PBXGroup;
			children = (
				7007CD8026D5916700104F3C /* AppDelegate.swift */,
				7007CD8226D5916700104F3C /* SceneDelegate.swift */,
			);
			path = Supports;
			sourceTree = "<group>";
		};
		BD8CC46626DE291C00BCAEC3 /* Views */ = {
			isa = PBXGroup;
			children = (
				BD8CC46726DE292400BCAEC3 /* VCs */,
				BD8CC46826DE293200BCAEC3 /* Cells */,
				BD8CC46926DE293A00BCAEC3 /* Components */,
			);
			path = Views;
			sourceTree = "<group>";
		};
		BD8CC46726DE292400BCAEC3 /* VCs */ = {
			isa = PBXGroup;
			children = (
				BD8CC48426DE327900BCAEC3 /* MainViewController.swift */,
				7007CD8426D5916700104F3C /* ViewController.swift */,
				7007CD9426D5947300104F3C /* ObservableViewController.swift */,
				7007CD9626D5A76900104F3C /* TransfomationViewController.swift */,
			);
			path = VCs;
			sourceTree = "<group>";
		};
		BD8CC46826DE293200BCAEC3 /* Cells */ = {
			isa = PBXGroup;
			children = (
				BD8CC47A26DE2A1300BCAEC3 /* CellSample.swift */,
			);
			path = Cells;
			sourceTree = "<group>";
		};
		BD8CC46926DE293A00BCAEC3 /* Components */ = {
			isa = PBXGroup;
			children = (
				BD8CC47C26DE2A2300BCAEC3 /* ComponentSample.swift */,
			);
			path = Components;
			sourceTree = "<group>";
		};
		BD8CC46A26DE294600BCAEC3 /* Services */ = {
			isa = PBXGroup;
			children = (
				7770C20126E8598700BDB645 /* CoreDataStorage */,
				7770C20226E8599900BDB645 /* MemoryStorage */,
				BD8CC47826DE2A0600BCAEC3 /* ServiceSample.swift */,
			);
			path = Services;
			sourceTree = "<group>";
		};
		BD8CC46B26DE294B00BCAEC3 /* Models */ = {
			isa = PBXGroup;
			children = (
				BD8CC47626DE29F800BCAEC3 /* ModelSample.swift */,
				7770C1F526E8559800BDB645 /* YiJoonMemo.swift */,
			);
			path = Models;
			sourceTree = "<group>";
		};
		BD8CC46C26DE294F00BCAEC3 /* ViewModels */ = {
			isa = PBXGroup;
			children = (
				BD8CC47426DE29EE00BCAEC3 /* ViewModelSample.swift */,
			);
			path = ViewModels;
			sourceTree = "<group>";
		};
		BD8CC46D26DE295300BCAEC3 /* Extensions */ = {
			isa = PBXGroup;
			children = (
				BD8CC47226DE29E300BCAEC3 /* ExtensionSample.swift */,
				BD8CC48026DE317400BCAEC3 /* UIView+.swift */,
				BD8CC48226DE31C500BCAEC3 /* CALayer+.swift */,
			);
			path = Extensions;
			sourceTree = "<group>";
		};
/* End PBXGroup section */

/* Begin PBXNativeTarget section */
		7007CD7C26D5916700104F3C /* Rx */ = {
			isa = PBXNativeTarget;
			buildConfigurationList = 7007CD9126D5916900104F3C /* Build configuration list for PBXNativeTarget "Rx" */;
			buildPhases = (
				3A14D5DBC54CF3252690A97D /* [CP] Check Pods Manifest.lock */,
				7007CD7926D5916700104F3C /* Sources */,
				7007CD7A26D5916700104F3C /* Frameworks */,
				7007CD7B26D5916700104F3C /* Resources */,
				09A68408C0BDE00A3A552B0C /* [CP] Embed Pods Frameworks */,
			);
			buildRules = (
			);
			dependencies = (
			);
			name = Rx;
			productName = Rx;
			productReference = 7007CD7D26D5916700104F3C /* Rx.app */;
			productType = "com.apple.product-type.application";
		};
/* End PBXNativeTarget section */

/* Begin PBXProject section */
		7007CD7526D5916700104F3C /* Project object */ = {
			isa = PBXProject;
			attributes = {
				LastSwiftUpdateCheck = 1250;
				LastUpgradeCheck = 1250;
				TargetAttributes = {
					7007CD7C26D5916700104F3C = {
						CreatedOnToolsVersion = 12.5.1;
					};
				};
			};
			buildConfigurationList = 7007CD7826D5916700104F3C /* Build configuration list for PBXProject "Rx" */;
			compatibilityVersion = "Xcode 9.3";
			developmentRegion = en;
			hasScannedForEncodings = 0;
			knownRegions = (
				en,
				Base,
			);
			mainGroup = 7007CD7426D5916700104F3C;
			productRefGroup = 7007CD7E26D5916700104F3C /* Products */;
			projectDirPath = "";
			projectRoot = "";
			targets = (
				7007CD7C26D5916700104F3C /* Rx */,
			);
		};
/* End PBXProject section */

/* Begin PBXResourcesBuildPhase section */
		7007CD7B26D5916700104F3C /* Resources */ = {
			isa = PBXResourcesBuildPhase;
			buildActionMask = 2147483647;
			files = (
				7770C1F426E850FD00BDB645 /* YiJoon.storyboard in Resources */,
				7007CD8D26D5916900104F3C /* LaunchScreen.storyboard in Resources */,
				7007CD8A26D5916900104F3C /* Assets.xcassets in Resources */,
				7007CD8826D5916700104F3C /* Main.storyboard in Resources */,
			);
			runOnlyForDeploymentPostprocessing = 0;
		};
/* End PBXResourcesBuildPhase section */

/* Begin PBXShellScriptBuildPhase section */
		09A68408C0BDE00A3A552B0C /* [CP] Embed Pods Frameworks */ = {
			isa = PBXShellScriptBuildPhase;
			buildActionMask = 2147483647;
			files = (
			);
			inputFileListPaths = (
				"${PODS_ROOT}/Target Support Files/Pods-Rx/Pods-Rx-frameworks-${CONFIGURATION}-input-files.xcfilelist",
			);
			name = "[CP] Embed Pods Frameworks";
			outputFileListPaths = (
				"${PODS_ROOT}/Target Support Files/Pods-Rx/Pods-Rx-frameworks-${CONFIGURATION}-output-files.xcfilelist",
			);
			runOnlyForDeploymentPostprocessing = 0;
			shellPath = /bin/sh;
			shellScript = "\"${PODS_ROOT}/Target Support Files/Pods-Rx/Pods-Rx-frameworks.sh\"\n";
			showEnvVarsInLog = 0;
		};
		3A14D5DBC54CF3252690A97D /* [CP] Check Pods Manifest.lock */ = {
			isa = PBXShellScriptBuildPhase;
			buildActionMask = 2147483647;
			files = (
			);
			inputFileListPaths = (
			);
			inputPaths = (
				"${PODS_PODFILE_DIR_PATH}/Podfile.lock",
				"${PODS_ROOT}/Manifest.lock",
			);
			name = "[CP] Check Pods Manifest.lock";
			outputFileListPaths = (
			);
			outputPaths = (
				"$(DERIVED_FILE_DIR)/Pods-Rx-checkManifestLockResult.txt",
			);
			runOnlyForDeploymentPostprocessing = 0;
			shellPath = /bin/sh;
			shellScript = "diff \"${PODS_PODFILE_DIR_PATH}/Podfile.lock\" \"${PODS_ROOT}/Manifest.lock\" > /dev/null\nif [ $? != 0 ] ; then\n    # print error to STDERR\n    echo \"error: The sandbox is not in sync with the Podfile.lock. Run 'pod install' or update your CocoaPods installation.\" >&2\n    exit 1\nfi\n# This output is used by Xcode 'outputs' to avoid re-running this script phase.\necho \"SUCCESS\" > \"${SCRIPT_OUTPUT_FILE_0}\"\n";
			showEnvVarsInLog = 0;
		};
/* End PBXShellScriptBuildPhase section */

/* Begin PBXSourcesBuildPhase section */
		7007CD7926D5916700104F3C /* Sources */ = {
			isa = PBXSourcesBuildPhase;
			buildActionMask = 2147483647;
			files = (
				7007CD8526D5916700104F3C /* ViewController.swift in Sources */,
				7770C1F626E8559800BDB645 /* YiJoonMemo.swift in Sources */,
				7770C20726E85A9A00BDB645 /* YiJoonMemoryStorage.swift in Sources */,
				BD8CC47326DE29E300BCAEC3 /* ExtensionSample.swift in Sources */,
				BD8CC47526DE29EE00BCAEC3 /* ViewModelSample.swift in Sources */,
				BD8CC47926DE2A0600BCAEC3 /* ServiceSample.swift in Sources */,
				7770C20526E859C100BDB645 /* rxMemo.xcdatamodeld in Sources */,
				7007CD9526D5947300104F3C /* ObservableViewController.swift in Sources */,
				BD8CC47B26DE2A1300BCAEC3 /* CellSample.swift in Sources */,
				7007CD9726D5A76900104F3C /* TransfomationViewController.swift in Sources */,
				BD8CC48326DE31C500BCAEC3 /* CALayer+.swift in Sources */,
				7007CD8126D5916700104F3C /* AppDelegate.swift in Sources */,
				7770C1F826E8577000BDB645 /* YiJoonMemoStorageType.swift in Sources */,
				BD8CC48526DE327A00BCAEC3 /* MainViewController.swift in Sources */,
				7007CD8326D5916700104F3C /* SceneDelegate.swift in Sources */,
				BD8CC47726DE29F800BCAEC3 /* ModelSample.swift in Sources */,
				BD8CC48126DE317400BCAEC3 /* UIView+.swift in Sources */,
				BD8CC47D26DE2A2300BCAEC3 /* ComponentSample.swift in Sources */,
				BD8CC47F26DE2A4000BCAEC3 /* XibSample.swift in Sources */,
			);
			runOnlyForDeploymentPostprocessing = 0;
		};
/* End PBXSourcesBuildPhase section */

/* Begin PBXVariantGroup section */
		7007CD8626D5916700104F3C /* Main.storyboard */ = {
			isa = PBXVariantGroup;
			children = (
				7007CD8726D5916700104F3C /* Base */,
			);
			name = Main.storyboard;
			sourceTree = "<group>";
		};
		7007CD8B26D5916900104F3C /* LaunchScreen.storyboard */ = {
			isa = PBXVariantGroup;
			children = (
				7007CD8C26D5916900104F3C /* Base */,
			);
			name = LaunchScreen.storyboard;
			sourceTree = "<group>";
		};
/* End PBXVariantGroup section */

/* Begin XCBuildConfiguration section */
		7007CD8F26D5916900104F3C /* Debug */ = {
			isa = XCBuildConfiguration;
			buildSettings = {
				ALWAYS_SEARCH_USER_PATHS = NO;
				CLANG_ANALYZER_NONNULL = YES;
				CLANG_ANALYZER_NUMBER_OBJECT_CONVERSION = YES_AGGRESSIVE;
				CLANG_CXX_LANGUAGE_STANDARD = "gnu++14";
				CLANG_CXX_LIBRARY = "libc++";
				CLANG_ENABLE_MODULES = YES;
				CLANG_ENABLE_OBJC_ARC = YES;
				CLANG_ENABLE_OBJC_WEAK = YES;
				CLANG_WARN_BLOCK_CAPTURE_AUTORELEASING = YES;
				CLANG_WARN_BOOL_CONVERSION = YES;
				CLANG_WARN_COMMA = YES;
				CLANG_WARN_CONSTANT_CONVERSION = YES;
				CLANG_WARN_DEPRECATED_OBJC_IMPLEMENTATIONS = YES;
				CLANG_WARN_DIRECT_OBJC_ISA_USAGE = YES_ERROR;
				CLANG_WARN_DOCUMENTATION_COMMENTS = YES;
				CLANG_WARN_EMPTY_BODY = YES;
				CLANG_WARN_ENUM_CONVERSION = YES;
				CLANG_WARN_INFINITE_RECURSION = YES;
				CLANG_WARN_INT_CONVERSION = YES;
				CLANG_WARN_NON_LITERAL_NULL_CONVERSION = YES;
				CLANG_WARN_OBJC_IMPLICIT_RETAIN_SELF = YES;
				CLANG_WARN_OBJC_LITERAL_CONVERSION = YES;
				CLANG_WARN_OBJC_ROOT_CLASS = YES_ERROR;
				CLANG_WARN_QUOTED_INCLUDE_IN_FRAMEWORK_HEADER = YES;
				CLANG_WARN_RANGE_LOOP_ANALYSIS = YES;
				CLANG_WARN_STRICT_PROTOTYPES = YES;
				CLANG_WARN_SUSPICIOUS_MOVE = YES;
				CLANG_WARN_UNGUARDED_AVAILABILITY = YES_AGGRESSIVE;
				CLANG_WARN_UNREACHABLE_CODE = YES;
				CLANG_WARN__DUPLICATE_METHOD_MATCH = YES;
				COPY_PHASE_STRIP = NO;
				DEBUG_INFORMATION_FORMAT = dwarf;
				ENABLE_STRICT_OBJC_MSGSEND = YES;
				ENABLE_TESTABILITY = YES;
				GCC_C_LANGUAGE_STANDARD = gnu11;
				GCC_DYNAMIC_NO_PIC = NO;
				GCC_NO_COMMON_BLOCKS = YES;
				GCC_OPTIMIZATION_LEVEL = 0;
				GCC_PREPROCESSOR_DEFINITIONS = (
					"DEBUG=1",
					"$(inherited)",
				);
				GCC_WARN_64_TO_32_BIT_CONVERSION = YES;
				GCC_WARN_ABOUT_RETURN_TYPE = YES_ERROR;
				GCC_WARN_UNDECLARED_SELECTOR = YES;
				GCC_WARN_UNINITIALIZED_AUTOS = YES_AGGRESSIVE;
				GCC_WARN_UNUSED_FUNCTION = YES;
				GCC_WARN_UNUSED_VARIABLE = YES;
				IPHONEOS_DEPLOYMENT_TARGET = 14.5;
				MTL_ENABLE_DEBUG_INFO = INCLUDE_SOURCE;
				MTL_FAST_MATH = YES;
				ONLY_ACTIVE_ARCH = YES;
				SDKROOT = iphoneos;
				SWIFT_ACTIVE_COMPILATION_CONDITIONS = DEBUG;
				SWIFT_OPTIMIZATION_LEVEL = "-Onone";
			};
			name = Debug;
		};
		7007CD9026D5916900104F3C /* Release */ = {
			isa = XCBuildConfiguration;
			buildSettings = {
				ALWAYS_SEARCH_USER_PATHS = NO;
				CLANG_ANALYZER_NONNULL = YES;
				CLANG_ANALYZER_NUMBER_OBJECT_CONVERSION = YES_AGGRESSIVE;
				CLANG_CXX_LANGUAGE_STANDARD = "gnu++14";
				CLANG_CXX_LIBRARY = "libc++";
				CLANG_ENABLE_MODULES = YES;
				CLANG_ENABLE_OBJC_ARC = YES;
				CLANG_ENABLE_OBJC_WEAK = YES;
				CLANG_WARN_BLOCK_CAPTURE_AUTORELEASING = YES;
				CLANG_WARN_BOOL_CONVERSION = YES;
				CLANG_WARN_COMMA = YES;
				CLANG_WARN_CONSTANT_CONVERSION = YES;
				CLANG_WARN_DEPRECATED_OBJC_IMPLEMENTATIONS = YES;
				CLANG_WARN_DIRECT_OBJC_ISA_USAGE = YES_ERROR;
				CLANG_WARN_DOCUMENTATION_COMMENTS = YES;
				CLANG_WARN_EMPTY_BODY = YES;
				CLANG_WARN_ENUM_CONVERSION = YES;
				CLANG_WARN_INFINITE_RECURSION = YES;
				CLANG_WARN_INT_CONVERSION = YES;
				CLANG_WARN_NON_LITERAL_NULL_CONVERSION = YES;
				CLANG_WARN_OBJC_IMPLICIT_RETAIN_SELF = YES;
				CLANG_WARN_OBJC_LITERAL_CONVERSION = YES;
				CLANG_WARN_OBJC_ROOT_CLASS = YES_ERROR;
				CLANG_WARN_QUOTED_INCLUDE_IN_FRAMEWORK_HEADER = YES;
				CLANG_WARN_RANGE_LOOP_ANALYSIS = YES;
				CLANG_WARN_STRICT_PROTOTYPES = YES;
				CLANG_WARN_SUSPICIOUS_MOVE = YES;
				CLANG_WARN_UNGUARDED_AVAILABILITY = YES_AGGRESSIVE;
				CLANG_WARN_UNREACHABLE_CODE = YES;
				CLANG_WARN__DUPLICATE_METHOD_MATCH = YES;
				COPY_PHASE_STRIP = NO;
				DEBUG_INFORMATION_FORMAT = "dwarf-with-dsym";
				ENABLE_NS_ASSERTIONS = NO;
				ENABLE_STRICT_OBJC_MSGSEND = YES;
				GCC_C_LANGUAGE_STANDARD = gnu11;
				GCC_NO_COMMON_BLOCKS = YES;
				GCC_WARN_64_TO_32_BIT_CONVERSION = YES;
				GCC_WARN_ABOUT_RETURN_TYPE = YES_ERROR;
				GCC_WARN_UNDECLARED_SELECTOR = YES;
				GCC_WARN_UNINITIALIZED_AUTOS = YES_AGGRESSIVE;
				GCC_WARN_UNUSED_FUNCTION = YES;
				GCC_WARN_UNUSED_VARIABLE = YES;
				IPHONEOS_DEPLOYMENT_TARGET = 14.5;
				MTL_ENABLE_DEBUG_INFO = NO;
				MTL_FAST_MATH = YES;
				SDKROOT = iphoneos;
				SWIFT_COMPILATION_MODE = wholemodule;
				SWIFT_OPTIMIZATION_LEVEL = "-O";
				VALIDATE_PRODUCT = YES;
			};
			name = Release;
		};
		7007CD9226D5916900104F3C /* Debug */ = {
			isa = XCBuildConfiguration;
			baseConfigurationReference = E2ECCA8A156648394D363D77 /* Pods-Rx.debug.xcconfig */;
			buildSettings = {
				ASSETCATALOG_COMPILER_APPICON_NAME = AppIcon;
				ASSETCATALOG_COMPILER_GLOBAL_ACCENT_COLOR_NAME = AccentColor;
				CODE_SIGN_STYLE = Automatic;
				DEVELOPMENT_TEAM = 6925UVH9D7;
				INFOPLIST_FILE = Rx/Resource/Info.plist;
				LD_RUNPATH_SEARCH_PATHS = (
					"$(inherited)",
					"@executable_path/Frameworks",
				);
				PRODUCT_BUNDLE_IDENTIFIER = com.jenny.Rx;
				PRODUCT_NAME = "$(TARGET_NAME)";
				SWIFT_VERSION = 5.0;
				TARGETED_DEVICE_FAMILY = "1,2";
			};
			name = Debug;
		};
		7007CD9326D5916900104F3C /* Release */ = {
			isa = XCBuildConfiguration;
			baseConfigurationReference = 9E8E3D444892F95106E46429 /* Pods-Rx.release.xcconfig */;
			buildSettings = {
				ASSETCATALOG_COMPILER_APPICON_NAME = AppIcon;
				ASSETCATALOG_COMPILER_GLOBAL_ACCENT_COLOR_NAME = AccentColor;
				CODE_SIGN_STYLE = Automatic;
				DEVELOPMENT_TEAM = 6925UVH9D7;
				INFOPLIST_FILE = Rx/Resource/Info.plist;
				LD_RUNPATH_SEARCH_PATHS = (
					"$(inherited)",
					"@executable_path/Frameworks",
				);
				PRODUCT_BUNDLE_IDENTIFIER = com.jenny.Rx;
				PRODUCT_NAME = "$(TARGET_NAME)";
				SWIFT_VERSION = 5.0;
				TARGETED_DEVICE_FAMILY = "1,2";
			};
			name = Release;
		};
/* End XCBuildConfiguration section */

/* Begin XCConfigurationList section */
		7007CD7826D5916700104F3C /* Build configuration list for PBXProject "Rx" */ = {
			isa = XCConfigurationList;
			buildConfigurations = (
				7007CD8F26D5916900104F3C /* Debug */,
				7007CD9026D5916900104F3C /* Release */,
			);
			defaultConfigurationIsVisible = 0;
			defaultConfigurationName = Release;
		};
		7007CD9126D5916900104F3C /* Build configuration list for PBXNativeTarget "Rx" */ = {
			isa = XCConfigurationList;
			buildConfigurations = (
				7007CD9226D5916900104F3C /* Debug */,
				7007CD9326D5916900104F3C /* Release */,
			);
			defaultConfigurationIsVisible = 0;
			defaultConfigurationName = Release;
		};
/* End XCConfigurationList section */

/* Begin XCVersionGroup section */
		7770C20326E859C100BDB645 /* rxMemo.xcdatamodeld */ = {
			isa = XCVersionGroup;
			children = (
				7770C20426E859C100BDB645 /* rxMemo.xcdatamodel */,
			);
			currentVersion = 7770C20426E859C100BDB645 /* rxMemo.xcdatamodel */;
			path = rxMemo.xcdatamodeld;
			sourceTree = "<group>";
			versionGroupType = wrapper.xcdatamodel;
		};
/* End XCVersionGroup section */
	};
	rootObject = 7007CD7526D5916700104F3C /* Project object */;
}
